
Microsoft Visual Studio Solution File, Format Version 12.00
# Visual Studio Version 16
VisualStudioVersion = 16.0.28803.156
MinimumVisualStudioVersion = 10.0.40219.1
Project("{FAE04EC0-301F-11D3-BF4B-00C04F79EFBC}") = "Lambda", "Lambda\Lambda.csproj", "{06E2E919-74E5-44F9-9CE3-1EF367E4905C}"
EndProject
Project("{FAE04EC0-301F-11D3-BF4B-00C04F79EFBC}") = "Lambda02_FuncAction", "Lambda02_FuncAction\Lambda02_FuncAction.csproj", "{D7F27744-9789-4032-8E46-86E9641045A8}"
EndProject
Project("{FAE04EC0-301F-11D3-BF4B-00C04F79EFBC}") = "Lambda03_ExpressionMember", "Lambda03_ExpressionMember\Lambda03_ExpressionMember.csproj", "{29FC157E-28D7-480E-9309-0507F0E6F2C3}"
EndProject
Global
	GlobalSection(SolutionConfigurationPlatforms) = preSolution
		Debug|Any CPU = Debug|Any CPU
		Release|Any CPU = Release|Any CPU
	EndGlobalSection
	GlobalSection(ProjectConfigurationPlatforms) = postSolution
		{06E2E919-74E5-44F9-9CE3-1EF367E4905C}.Debug|Any CPU.ActiveCfg = Debug|Any CPU
		{06E2E919-74E5-44F9-9CE3-1EF367E4905C}.Debug|Any CPU.Build.0 = Debug|Any CPU
		{06E2E919-74E5-44F9-9CE3-1EF367E4905C}.Release|Any CPU.ActiveCfg = Release|Any CPU
		{06E2E919-74E5-44F9-9CE3-1EF367E4905C}.Release|Any CPU.Build.0 = Release|Any CPU
		{D7F27744-9789-4032-8E46-86E9641045A8}.Debug|Any CPU.ActiveCfg = Debug|Any CPU
		{D7F27744-9789-4032-8E46-86E9641045A8}.Debug|Any CPU.Build.0 = Debug|Any CPU
		{D7F27744-9789-4032-8E46-86E9641045A8}.Release|Any CPU.ActiveCfg = Release|Any CPU
		{D7F27744-9789-4032-8E46-86E9641045A8}.Release|Any CPU.Build.0 = Release|Any CPU
		{29FC157E-28D7-480E-9309-0507F0E6F2C3}.Debug|Any CPU.ActiveCfg = Debug|Any CPU
		{29FC157E-28D7-480E-9309-0507F0E6F2C3}.Debug|Any CPU.Build.0 = Debug|Any CPU
		{29FC157E-28D7-480E-9309-0507F0E6F2C3}.Release|Any CPU.ActiveCfg = Release|Any CPU
		{29FC157E-28D7-480E-9309-0507F0E6F2C3}.Release|Any CPU.Build.0 = Release|Any CPU
	EndGlobalSection
	GlobalSection(SolutionProperties) = preSolution
		HideSolutionNode = FALSE
	EndGlobalSection
	GlobalSection(ExtensibilityGlobals) = postSolution
		SolutionGuid = {B69D1581-3394-49DF-BA90-D447BBA40A27}
	EndGlobalSection
EndGlobal
