
Microsoft Visual Studio Solution File, Format Version 12.00
# Visual Studio Version 16
VisualStudioVersion = 16.0.28803.156
MinimumVisualStudioVersion = 10.0.40219.1
Project("{FAE04EC0-301F-11D3-BF4B-00C04F79EFBC}") = "Exception01_TryCatch", "Exception01_TryCatch\Exception01_TryCatch.csproj", "{16A4F0DD-68CD-4D77-916D-5266589B5385}"
EndProject
Project("{FAE04EC0-301F-11D3-BF4B-00C04F79EFBC}") = "Exception02_throw", "Exception02_throw\Exception02_throw.csproj", "{6F52C441-5A88-4CD5-BD9A-994351797451}"
EndProject
Project("{FAE04EC0-301F-11D3-BF4B-00C04F79EFBC}") = "Exception03_throw", "ConsoleApp1\Exception03_throw.csproj", "{E5EC6C68-AA35-4E58-9426-B2B88479801D}"
EndProject
Project("{FAE04EC0-301F-11D3-BF4B-00C04F79EFBC}") = "Exception04_Finally", "Exception04_Finally\Exception04_Finally.csproj", "{E9BAE092-B36A-45B9-A7B5-6FDCEC15F00E}"
EndProject
Project("{FAE04EC0-301F-11D3-BF4B-00C04F79EFBC}") = "Exam16", "ConsoleApp2\Exam16.csproj", "{0BB0D1E8-3139-4190-A284-335FAFCD682C}"
EndProject
Global
	GlobalSection(SolutionConfigurationPlatforms) = preSolution
		Debug|Any CPU = Debug|Any CPU
		Release|Any CPU = Release|Any CPU
	EndGlobalSection
	GlobalSection(ProjectConfigurationPlatforms) = postSolution
		{16A4F0DD-68CD-4D77-916D-5266589B5385}.Debug|Any CPU.ActiveCfg = Debug|Any CPU
		{16A4F0DD-68CD-4D77-916D-5266589B5385}.Debug|Any CPU.Build.0 = Debug|Any CPU
		{16A4F0DD-68CD-4D77-916D-5266589B5385}.Release|Any CPU.ActiveCfg = Release|Any CPU
		{16A4F0DD-68CD-4D77-916D-5266589B5385}.Release|Any CPU.Build.0 = Release|Any CPU
		{6F52C441-5A88-4CD5-BD9A-994351797451}.Debug|Any CPU.ActiveCfg = Debug|Any CPU
		{6F52C441-5A88-4CD5-BD9A-994351797451}.Debug|Any CPU.Build.0 = Debug|Any CPU
		{6F52C441-5A88-4CD5-BD9A-994351797451}.Release|Any CPU.ActiveCfg = Release|Any CPU
		{6F52C441-5A88-4CD5-BD9A-994351797451}.Release|Any CPU.Build.0 = Release|Any CPU
		{E5EC6C68-AA35-4E58-9426-B2B88479801D}.Debug|Any CPU.ActiveCfg = Debug|Any CPU
		{E5EC6C68-AA35-4E58-9426-B2B88479801D}.Debug|Any CPU.Build.0 = Debug|Any CPU
		{E5EC6C68-AA35-4E58-9426-B2B88479801D}.Release|Any CPU.ActiveCfg = Release|Any CPU
		{E5EC6C68-AA35-4E58-9426-B2B88479801D}.Release|Any CPU.Build.0 = Release|Any CPU
		{E9BAE092-B36A-45B9-A7B5-6FDCEC15F00E}.Debug|Any CPU.ActiveCfg = Debug|Any CPU
		{E9BAE092-B36A-45B9-A7B5-6FDCEC15F00E}.Debug|Any CPU.Build.0 = Debug|Any CPU
		{E9BAE092-B36A-45B9-A7B5-6FDCEC15F00E}.Release|Any CPU.ActiveCfg = Release|Any CPU
		{E9BAE092-B36A-45B9-A7B5-6FDCEC15F00E}.Release|Any CPU.Build.0 = Release|Any CPU
		{0BB0D1E8-3139-4190-A284-335FAFCD682C}.Debug|Any CPU.ActiveCfg = Debug|Any CPU
		{0BB0D1E8-3139-4190-A284-335FAFCD682C}.Debug|Any CPU.Build.0 = Debug|Any CPU
		{0BB0D1E8-3139-4190-A284-335FAFCD682C}.Release|Any CPU.ActiveCfg = Release|Any CPU
		{0BB0D1E8-3139-4190-A284-335FAFCD682C}.Release|Any CPU.Build.0 = Release|Any CPU
	EndGlobalSection
	GlobalSection(SolutionProperties) = preSolution
		HideSolutionNode = FALSE
	EndGlobalSection
	GlobalSection(ExtensibilityGlobals) = postSolution
		SolutionGuid = {19906E96-FE63-41F6-9947-B2A67508FA34}
	EndGlobalSection
EndGlobal
