
Microsoft Visual Studio Solution File, Format Version 12.00
# Visual Studio Version 16
VisualStudioVersion = 16.0.28803.156
MinimumVisualStudioVersion = 10.0.40219.1
Project("{FAE04EC0-301F-11D3-BF4B-00C04F79EFBC}") = "Interface1", "Interface1\Interface1.csproj", "{CD37B66C-D3B6-4F55-B7C7-3E40AAEB1AB3}"
EndProject
Project("{FAE04EC0-301F-11D3-BF4B-00C04F79EFBC}") = "Interface2", "Interface2\Interface2.csproj", "{D6365FDA-BA55-4B69-8891-EE3D5F4518E8}"
EndProject
Project("{FAE04EC0-301F-11D3-BF4B-00C04F79EFBC}") = "Exam14", "Exam14\Exam14.csproj", "{89E63E1E-333F-49AA-BB24-358A5E86804D}"
EndProject
Project("{FAE04EC0-301F-11D3-BF4B-00C04F79EFBC}") = "AnotherExam08", "AnotherExam08\AnotherExam08.csproj", "{1BABFFED-2439-477C-82FA-0F9FF59C9E34}"
EndProject
Project("{FAE04EC0-301F-11D3-BF4B-00C04F79EFBC}") = "AnotherExam09", "AnotherExam09\AnotherExam09.csproj", "{8B706527-D953-4D1B-8C7B-274CB01B867F}"
EndProject
Project("{FAE04EC0-301F-11D3-BF4B-00C04F79EFBC}") = "AnotherExam10", "AnotherExam10\AnotherExam10.csproj", "{56EEB467-2D75-43F6-8333-D37C060B5BB8}"
EndProject
Project("{FAE04EC0-301F-11D3-BF4B-00C04F79EFBC}") = "AnotherExam11", "AnotherExam11\AnotherExam11.csproj", "{D1B5D717-7982-449D-A106-B08771EA7E6A}"
EndProject
Project("{FAE04EC0-301F-11D3-BF4B-00C04F79EFBC}") = "AnotherExam12", "AnotherExam12\AnotherExam12.csproj", "{8D8296DD-DE3E-4A9C-8FAF-0655B99F3637}"
EndProject
Project("{FAE04EC0-301F-11D3-BF4B-00C04F79EFBC}") = "Interface3", "Interface3\Interface3.csproj", "{96FFC7F9-DF13-49A8-86C0-4419D9DB398A}"
EndProject
Project("{FAE04EC0-301F-11D3-BF4B-00C04F79EFBC}") = "Interface4", "Interface4\Interface4.csproj", "{57BF9DE5-1858-4DE1-92B4-7ED4997FF727}"
EndProject
Project("{FAE04EC0-301F-11D3-BF4B-00C04F79EFBC}") = "Interface5", "Interface5\Interface5.csproj", "{12B5DA05-7566-4FB4-A941-5D0FB8406AC1}"
EndProject
Project("{FAE04EC0-301F-11D3-BF4B-00C04F79EFBC}") = "AbstractClass1", "AbstracrtClass1\AbstractClass1.csproj", "{B145C391-0E89-4AC7-9E95-E2579A921493}"
EndProject
Project("{FAE04EC0-301F-11D3-BF4B-00C04F79EFBC}") = "AbstractClass2", "AbstractClass2\AbstractClass2.csproj", "{98499BD2-FC85-47E9-83AB-3E2B9FB1B664}"
EndProject
Global
	GlobalSection(SolutionConfigurationPlatforms) = preSolution
		Debug|Any CPU = Debug|Any CPU
		Release|Any CPU = Release|Any CPU
	EndGlobalSection
	GlobalSection(ProjectConfigurationPlatforms) = postSolution
		{CD37B66C-D3B6-4F55-B7C7-3E40AAEB1AB3}.Debug|Any CPU.ActiveCfg = Debug|Any CPU
		{CD37B66C-D3B6-4F55-B7C7-3E40AAEB1AB3}.Debug|Any CPU.Build.0 = Debug|Any CPU
		{CD37B66C-D3B6-4F55-B7C7-3E40AAEB1AB3}.Release|Any CPU.ActiveCfg = Release|Any CPU
		{CD37B66C-D3B6-4F55-B7C7-3E40AAEB1AB3}.Release|Any CPU.Build.0 = Release|Any CPU
		{D6365FDA-BA55-4B69-8891-EE3D5F4518E8}.Debug|Any CPU.ActiveCfg = Debug|Any CPU
		{D6365FDA-BA55-4B69-8891-EE3D5F4518E8}.Debug|Any CPU.Build.0 = Debug|Any CPU
		{D6365FDA-BA55-4B69-8891-EE3D5F4518E8}.Release|Any CPU.ActiveCfg = Release|Any CPU
		{D6365FDA-BA55-4B69-8891-EE3D5F4518E8}.Release|Any CPU.Build.0 = Release|Any CPU
		{89E63E1E-333F-49AA-BB24-358A5E86804D}.Debug|Any CPU.ActiveCfg = Debug|Any CPU
		{89E63E1E-333F-49AA-BB24-358A5E86804D}.Debug|Any CPU.Build.0 = Debug|Any CPU
		{89E63E1E-333F-49AA-BB24-358A5E86804D}.Release|Any CPU.ActiveCfg = Release|Any CPU
		{89E63E1E-333F-49AA-BB24-358A5E86804D}.Release|Any CPU.Build.0 = Release|Any CPU
		{1BABFFED-2439-477C-82FA-0F9FF59C9E34}.Debug|Any CPU.ActiveCfg = Debug|Any CPU
		{1BABFFED-2439-477C-82FA-0F9FF59C9E34}.Debug|Any CPU.Build.0 = Debug|Any CPU
		{1BABFFED-2439-477C-82FA-0F9FF59C9E34}.Release|Any CPU.ActiveCfg = Release|Any CPU
		{1BABFFED-2439-477C-82FA-0F9FF59C9E34}.Release|Any CPU.Build.0 = Release|Any CPU
		{8B706527-D953-4D1B-8C7B-274CB01B867F}.Debug|Any CPU.ActiveCfg = Debug|Any CPU
		{8B706527-D953-4D1B-8C7B-274CB01B867F}.Debug|Any CPU.Build.0 = Debug|Any CPU
		{8B706527-D953-4D1B-8C7B-274CB01B867F}.Release|Any CPU.ActiveCfg = Release|Any CPU
		{8B706527-D953-4D1B-8C7B-274CB01B867F}.Release|Any CPU.Build.0 = Release|Any CPU
		{56EEB467-2D75-43F6-8333-D37C060B5BB8}.Debug|Any CPU.ActiveCfg = Debug|Any CPU
		{56EEB467-2D75-43F6-8333-D37C060B5BB8}.Debug|Any CPU.Build.0 = Debug|Any CPU
		{56EEB467-2D75-43F6-8333-D37C060B5BB8}.Release|Any CPU.ActiveCfg = Release|Any CPU
		{56EEB467-2D75-43F6-8333-D37C060B5BB8}.Release|Any CPU.Build.0 = Release|Any CPU
		{D1B5D717-7982-449D-A106-B08771EA7E6A}.Debug|Any CPU.ActiveCfg = Debug|Any CPU
		{D1B5D717-7982-449D-A106-B08771EA7E6A}.Debug|Any CPU.Build.0 = Debug|Any CPU
		{D1B5D717-7982-449D-A106-B08771EA7E6A}.Release|Any CPU.ActiveCfg = Release|Any CPU
		{D1B5D717-7982-449D-A106-B08771EA7E6A}.Release|Any CPU.Build.0 = Release|Any CPU
		{8D8296DD-DE3E-4A9C-8FAF-0655B99F3637}.Debug|Any CPU.ActiveCfg = Debug|Any CPU
		{8D8296DD-DE3E-4A9C-8FAF-0655B99F3637}.Debug|Any CPU.Build.0 = Debug|Any CPU
		{8D8296DD-DE3E-4A9C-8FAF-0655B99F3637}.Release|Any CPU.ActiveCfg = Release|Any CPU
		{8D8296DD-DE3E-4A9C-8FAF-0655B99F3637}.Release|Any CPU.Build.0 = Release|Any CPU
		{96FFC7F9-DF13-49A8-86C0-4419D9DB398A}.Debug|Any CPU.ActiveCfg = Debug|Any CPU
		{96FFC7F9-DF13-49A8-86C0-4419D9DB398A}.Debug|Any CPU.Build.0 = Debug|Any CPU
		{96FFC7F9-DF13-49A8-86C0-4419D9DB398A}.Release|Any CPU.ActiveCfg = Release|Any CPU
		{96FFC7F9-DF13-49A8-86C0-4419D9DB398A}.Release|Any CPU.Build.0 = Release|Any CPU
		{57BF9DE5-1858-4DE1-92B4-7ED4997FF727}.Debug|Any CPU.ActiveCfg = Debug|Any CPU
		{57BF9DE5-1858-4DE1-92B4-7ED4997FF727}.Debug|Any CPU.Build.0 = Debug|Any CPU
		{57BF9DE5-1858-4DE1-92B4-7ED4997FF727}.Release|Any CPU.ActiveCfg = Release|Any CPU
		{57BF9DE5-1858-4DE1-92B4-7ED4997FF727}.Release|Any CPU.Build.0 = Release|Any CPU
		{12B5DA05-7566-4FB4-A941-5D0FB8406AC1}.Debug|Any CPU.ActiveCfg = Debug|Any CPU
		{12B5DA05-7566-4FB4-A941-5D0FB8406AC1}.Debug|Any CPU.Build.0 = Debug|Any CPU
		{12B5DA05-7566-4FB4-A941-5D0FB8406AC1}.Release|Any CPU.ActiveCfg = Release|Any CPU
		{12B5DA05-7566-4FB4-A941-5D0FB8406AC1}.Release|Any CPU.Build.0 = Release|Any CPU
		{B145C391-0E89-4AC7-9E95-E2579A921493}.Debug|Any CPU.ActiveCfg = Debug|Any CPU
		{B145C391-0E89-4AC7-9E95-E2579A921493}.Debug|Any CPU.Build.0 = Debug|Any CPU
		{B145C391-0E89-4AC7-9E95-E2579A921493}.Release|Any CPU.ActiveCfg = Release|Any CPU
		{B145C391-0E89-4AC7-9E95-E2579A921493}.Release|Any CPU.Build.0 = Release|Any CPU
		{98499BD2-FC85-47E9-83AB-3E2B9FB1B664}.Debug|Any CPU.ActiveCfg = Debug|Any CPU
		{98499BD2-FC85-47E9-83AB-3E2B9FB1B664}.Debug|Any CPU.Build.0 = Debug|Any CPU
		{98499BD2-FC85-47E9-83AB-3E2B9FB1B664}.Release|Any CPU.ActiveCfg = Release|Any CPU
		{98499BD2-FC85-47E9-83AB-3E2B9FB1B664}.Release|Any CPU.Build.0 = Release|Any CPU
	EndGlobalSection
	GlobalSection(SolutionProperties) = preSolution
		HideSolutionNode = FALSE
	EndGlobalSection
	GlobalSection(ExtensibilityGlobals) = postSolution
		SolutionGuid = {497C0C17-EA41-4626-8757-F71856616649}
	EndGlobalSection
EndGlobal
