
Microsoft Visual Studio Solution File, Format Version 12.00
# Visual Studio Version 16
VisualStudioVersion = 16.0.28803.156
MinimumVisualStudioVersion = 10.0.40219.1
Project("{FAE04EC0-301F-11D3-BF4B-00C04F79EFBC}") = "FlowControl01", "FlowControl\FlowControl01.csproj", "{630B5123-8452-4F5E-A17C-A2AF26C1931F}"
EndProject
Project("{FAE04EC0-301F-11D3-BF4B-00C04F79EFBC}") = "BreakAndContinue", "BreakAndContinue\BreakAndContinue.csproj", "{2F2AD94A-CA9F-4AA6-8C96-319F57FC7931}"
EndProject
Project("{FAE04EC0-301F-11D3-BF4B-00C04F79EFBC}") = "Goto", "Goto\Goto.csproj", "{7816956A-0EE9-4DAC-BEFC-132EB05DCAED}"
EndProject
Project("{FAE04EC0-301F-11D3-BF4B-00C04F79EFBC}") = "Example03", "Example03\Example03.csproj", "{6A8A2C4F-59A0-47F6-BE4B-FDD46EFC9AD2}"
EndProject
Project("{FAE04EC0-301F-11D3-BF4B-00C04F79EFBC}") = "Example04", "Example04\Example04.csproj", "{01D26C93-1932-4D73-9168-C6D809EE4A3F}"
EndProject
Global
	GlobalSection(SolutionConfigurationPlatforms) = preSolution
		Debug|Any CPU = Debug|Any CPU
		Release|Any CPU = Release|Any CPU
	EndGlobalSection
	GlobalSection(ProjectConfigurationPlatforms) = postSolution
		{630B5123-8452-4F5E-A17C-A2AF26C1931F}.Debug|Any CPU.ActiveCfg = Debug|Any CPU
		{630B5123-8452-4F5E-A17C-A2AF26C1931F}.Debug|Any CPU.Build.0 = Debug|Any CPU
		{630B5123-8452-4F5E-A17C-A2AF26C1931F}.Release|Any CPU.ActiveCfg = Release|Any CPU
		{630B5123-8452-4F5E-A17C-A2AF26C1931F}.Release|Any CPU.Build.0 = Release|Any CPU
		{2F2AD94A-CA9F-4AA6-8C96-319F57FC7931}.Debug|Any CPU.ActiveCfg = Debug|Any CPU
		{2F2AD94A-CA9F-4AA6-8C96-319F57FC7931}.Debug|Any CPU.Build.0 = Debug|Any CPU
		{2F2AD94A-CA9F-4AA6-8C96-319F57FC7931}.Release|Any CPU.ActiveCfg = Release|Any CPU
		{2F2AD94A-CA9F-4AA6-8C96-319F57FC7931}.Release|Any CPU.Build.0 = Release|Any CPU
		{7816956A-0EE9-4DAC-BEFC-132EB05DCAED}.Debug|Any CPU.ActiveCfg = Debug|Any CPU
		{7816956A-0EE9-4DAC-BEFC-132EB05DCAED}.Debug|Any CPU.Build.0 = Debug|Any CPU
		{7816956A-0EE9-4DAC-BEFC-132EB05DCAED}.Release|Any CPU.ActiveCfg = Release|Any CPU
		{7816956A-0EE9-4DAC-BEFC-132EB05DCAED}.Release|Any CPU.Build.0 = Release|Any CPU
		{6A8A2C4F-59A0-47F6-BE4B-FDD46EFC9AD2}.Debug|Any CPU.ActiveCfg = Debug|Any CPU
		{6A8A2C4F-59A0-47F6-BE4B-FDD46EFC9AD2}.Debug|Any CPU.Build.0 = Debug|Any CPU
		{6A8A2C4F-59A0-47F6-BE4B-FDD46EFC9AD2}.Release|Any CPU.ActiveCfg = Release|Any CPU
		{6A8A2C4F-59A0-47F6-BE4B-FDD46EFC9AD2}.Release|Any CPU.Build.0 = Release|Any CPU
		{01D26C93-1932-4D73-9168-C6D809EE4A3F}.Debug|Any CPU.ActiveCfg = Debug|Any CPU
		{01D26C93-1932-4D73-9168-C6D809EE4A3F}.Debug|Any CPU.Build.0 = Debug|Any CPU
		{01D26C93-1932-4D73-9168-C6D809EE4A3F}.Release|Any CPU.ActiveCfg = Release|Any CPU
		{01D26C93-1932-4D73-9168-C6D809EE4A3F}.Release|Any CPU.Build.0 = Release|Any CPU
	EndGlobalSection
	GlobalSection(SolutionProperties) = preSolution
		HideSolutionNode = FALSE
	EndGlobalSection
	GlobalSection(ExtensibilityGlobals) = postSolution
		SolutionGuid = {CBE3CC21-812E-47AF-8F88-E1F7A39BB542}
	EndGlobalSection
EndGlobal
